// !$*UTF8*$!
{
	archiveVersion = 1;
	classes = {
	};
	objectVersion = 46;
	objects = {

/* Begin PBXBuildFile section */
		2B7E95A418BEBB66008CCC0B /* Foundation.framework in Frameworks */ = {isa = PBXBuildFile; fileRef = 2B7E95A318BEBB66008CCC0B /* Foundation.framework */; };
		2B7E95A618BEBB66008CCC0B /* CoreGraphics.framework in Frameworks */ = {isa = PBXBuildFile; fileRef = 2B7E95A518BEBB66008CCC0B /* CoreGraphics.framework */; };
		2B7E95A818BEBB66008CCC0B /* UIKit.framework in Frameworks */ = {isa = PBXBuildFile; fileRef = 2B7E95A718BEBB66008CCC0B /* UIKit.framework */; };
		2B7E95AE18BEBB67008CCC0B /* InfoPlist.strings in Resources */ = {isa = PBXBuildFile; fileRef = 2B7E95AC18BEBB67008CCC0B /* InfoPlist.strings */; };
		2B7E95B018BEBB67008CCC0B /* main.m in Sources */ = {isa = PBXBuildFile; fileRef = 2B7E95AF18BEBB67008CCC0B /* main.m */; };
		2B7E95B418BEBB67008CCC0B /* AppDelegate.m in Sources */ = {isa = PBXBuildFile; fileRef = 2B7E95B318BEBB67008CCC0B /* AppDelegate.m */; };
		2B7E95B718BEBB67008CCC0B /* Main.storyboard in Resources */ = {isa = PBXBuildFile; fileRef = 2B7E95B518BEBB67008CCC0B /* Main.storyboard */; };
		2B7E95BA18BEBB67008CCC0B /* ViewController.m in Sources */ = {isa = PBXBuildFile; fileRef = 2B7E95B918BEBB67008CCC0B /* ViewController.m */; };
		2B7E95BC18BEBB67008CCC0B /* Images.xcassets in Resources */ = {isa = PBXBuildFile; fileRef = 2B7E95BB18BEBB67008CCC0B /* Images.xcassets */; };
		2B7E95C318BEBB67008CCC0B /* XCTest.framework in Frameworks */ = {isa = PBXBuildFile; fileRef = 2B7E95C218BEBB67008CCC0B /* XCTest.framework */; };
		2B7E95C418BEBB67008CCC0B /* Foundation.framework in Frameworks */ = {isa = PBXBuildFile; fileRef = 2B7E95A318BEBB66008CCC0B /* Foundation.framework */; };
		2B7E95C518BEBB67008CCC0B /* UIKit.framework in Frameworks */ = {isa = PBXBuildFile; fileRef = 2B7E95A718BEBB66008CCC0B /* UIKit.framework */; };
		2B7E95CD18BEBB67008CCC0B /* InfoPlist.strings in Resources */ = {isa = PBXBuildFile; fileRef = 2B7E95CB18BEBB67008CCC0B /* InfoPlist.strings */; };
		2B7E95CF18BEBB67008CCC0B /* Parse_Curso_iOSTests.m in Sources */ = {isa = PBXBuildFile; fileRef = 2B7E95CE18BEBB67008CCC0B /* Parse_Curso_iOSTests.m */; };
		2B7E95D918BEBBF8008CCC0B /* Parse.framework in Frameworks */ = {isa = PBXBuildFile; fileRef = 2B7E95D818BEBBF8008CCC0B /* Parse.framework */; };
		2B7E95DB18BEBC09008CCC0B /* AudioToolbox.framework in Frameworks */ = {isa = PBXBuildFile; fileRef = 2B7E95DA18BEBC09008CCC0B /* AudioToolbox.framework */; };
		2B7E95DD18BEBC0F008CCC0B /* CFNetwork.framework in Frameworks */ = {isa = PBXBuildFile; fileRef = 2B7E95DC18BEBC0F008CCC0B /* CFNetwork.framework */; };
		2B7E95DF18BEBC20008CCC0B /* CoreLocation.framework in Frameworks */ = {isa = PBXBuildFile; fileRef = 2B7E95DE18BEBC20008CCC0B /* CoreLocation.framework */; };
		2B7E95E118BEBC27008CCC0B /* libz.dylib in Frameworks */ = {isa = PBXBuildFile; fileRef = 2B7E95E018BEBC27008CCC0B /* libz.dylib */; };
		2B7E95E318BEBC2F008CCC0B /* MobileCoreServices.framework in Frameworks */ = {isa = PBXBuildFile; fileRef = 2B7E95E218BEBC2F008CCC0B /* MobileCoreServices.framework */; };
		2B7E95E518BEBC36008CCC0B /* QuartzCore.framework in Frameworks */ = {isa = PBXBuildFile; fileRef = 2B7E95E418BEBC36008CCC0B /* QuartzCore.framework */; };
		2B7E95E718BEBC3C008CCC0B /* Security.framework in Frameworks */ = {isa = PBXBuildFile; fileRef = 2B7E95E618BEBC3C008CCC0B /* Security.framework */; };
		2B7E95E918BEBC49008CCC0B /* StoreKit.framework in Frameworks */ = {isa = PBXBuildFile; fileRef = 2B7E95E818BEBC49008CCC0B /* StoreKit.framework */; };
		2B7E95EB18BEBC6E008CCC0B /* SystemConfiguration.framework in Frameworks */ = {isa = PBXBuildFile; fileRef = 2B7E95EA18BEBC6E008CCC0B /* SystemConfiguration.framework */; };
		2B7E95EE18BEC31C008CCC0B /* RegisterViewController.m in Sources */ = {isa = PBXBuildFile; fileRef = 2B7E95ED18BEC31C008CCC0B /* RegisterViewController.m */; };
		2B7E95F118BEC335008CCC0B /* WelcomeViewController.m in Sources */ = {isa = PBXBuildFile; fileRef = 2B7E95F018BEC335008CCC0B /* WelcomeViewController.m */; };
		2B7E95F618BECDA9008CCC0B /* CSNotificationView.m in Sources */ = {isa = PBXBuildFile; fileRef = 2B7E95F418BECDA9008CCC0B /* CSNotificationView.m */; };
		2B7E95F718BECDA9008CCC0B /* CSNotificationView.xcassets in Resources */ = {isa = PBXBuildFile; fileRef = 2B7E95F518BECDA9008CCC0B /* CSNotificationView.xcassets */; };
		2BE9316618BEDDC6004DBD1A /* TableViewController.m in Sources */ = {isa = PBXBuildFile; fileRef = 2BE9316518BEDDC6004DBD1A /* TableViewController.m */; };
/* End PBXBuildFile section */

/* Begin PBXContainerItemProxy section */
		2B7E95C618BEBB67008CCC0B /* PBXContainerItemProxy */ = {
			isa = PBXContainerItemProxy;
			containerPortal = 2B7E959818BEBB66008CCC0B /* Project object */;
			proxyType = 1;
			remoteGlobalIDString = 2B7E959F18BEBB66008CCC0B;
			remoteInfo = "Parse Curso iOS";
		};
/* End PBXContainerItemProxy section */

/* Begin PBXFileReference section */
		2B7E95A018BEBB66008CCC0B /* Parse Curso iOS.app */ = {isa = PBXFileReference; explicitFileType = wrapper.application; includeInIndex = 0; path = "Parse Curso iOS.app"; sourceTree = BUILT_PRODUCTS_DIR; };
		2B7E95A318BEBB66008CCC0B /* Foundation.framework */ = {isa = PBXFileReference; lastKnownFileType = wrapper.framework; name = Foundation.framework; path = System/Library/Frameworks/Foundation.framework; sourceTree = SDKROOT; };
		2B7E95A518BEBB66008CCC0B /* CoreGraphics.framework */ = {isa = PBXFileReference; lastKnownFileType = wrapper.framework; name = CoreGraphics.framework; path = System/Library/Frameworks/CoreGraphics.framework; sourceTree = SDKROOT; };
		2B7E95A718BEBB66008CCC0B /* UIKit.framework */ = {isa = PBXFileReference; lastKnownFileType = wrapper.framework; name = UIKit.framework; path = System/Library/Frameworks/UIKit.framework; sourceTree = SDKROOT; };
		2B7E95AB18BEBB67008CCC0B /* Parse Curso iOS-Info.plist */ = {isa = PBXFileReference; lastKnownFileType = text.plist.xml; path = "Parse Curso iOS-Info.plist"; sourceTree = "<group>"; };
		2B7E95AD18BEBB67008CCC0B /* en */ = {isa = PBXFileReference; lastKnownFileType = text.plist.strings; name = en; path = en.lproj/InfoPlist.strings; sourceTree = "<group>"; };
		2B7E95AF18BEBB67008CCC0B /* main.m */ = {isa = PBXFileReference; lastKnownFileType = sourcecode.c.objc; path = main.m; sourceTree = "<group>"; };
		2B7E95B118BEBB67008CCC0B /* Parse Curso iOS-Prefix.pch */ = {isa = PBXFileReference; lastKnownFileType = sourcecode.c.h; path = "Parse Curso iOS-Prefix.pch"; sourceTree = "<group>"; };
		2B7E95B218BEBB67008CCC0B /* AppDelegate.h */ = {isa = PBXFileReference; lastKnownFileType = sourcecode.c.h; path = AppDelegate.h; sourceTree = "<group>"; };
		2B7E95B318BEBB67008CCC0B /* AppDelegate.m */ = {isa = PBXFileReference; lastKnownFileType = sourcecode.c.objc; path = AppDelegate.m; sourceTree = "<group>"; };
		2B7E95B618BEBB67008CCC0B /* Base */ = {isa = PBXFileReference; lastKnownFileType = file.storyboard; name = Base; path = Base.lproj/Main.storyboard; sourceTree = "<group>"; };
		2B7E95B818BEBB67008CCC0B /* ViewController.h */ = {isa = PBXFileReference; lastKnownFileType = sourcecode.c.h; path = ViewController.h; sourceTree = "<group>"; };
		2B7E95B918BEBB67008CCC0B /* ViewController.m */ = {isa = PBXFileReference; lastKnownFileType = sourcecode.c.objc; path = ViewController.m; sourceTree = "<group>"; };
		2B7E95BB18BEBB67008CCC0B /* Images.xcassets */ = {isa = PBXFileReference; lastKnownFileType = folder.assetcatalog; path = Images.xcassets; sourceTree = "<group>"; };
		2B7E95C118BEBB67008CCC0B /* Parse Curso iOSTests.xctest */ = {isa = PBXFileReference; explicitFileType = wrapper.cfbundle; includeInIndex = 0; path = "Parse Curso iOSTests.xctest"; sourceTree = BUILT_PRODUCTS_DIR; };
		2B7E95C218BEBB67008CCC0B /* XCTest.framework */ = {isa = PBXFileReference; lastKnownFileType = wrapper.framework; name = XCTest.framework; path = Library/Frameworks/XCTest.framework; sourceTree = DEVELOPER_DIR; };
		2B7E95CA18BEBB67008CCC0B /* Parse Curso iOSTests-Info.plist */ = {isa = PBXFileReference; lastKnownFileType = text.plist.xml; path = "Parse Curso iOSTests-Info.plist"; sourceTree = "<group>"; };
		2B7E95CC18BEBB67008CCC0B /* en */ = {isa = PBXFileReference; lastKnownFileType = text.plist.strings; name = en; path = en.lproj/InfoPlist.strings; sourceTree = "<group>"; };
		2B7E95CE18BEBB67008CCC0B /* Parse_Curso_iOSTests.m */ = {isa = PBXFileReference; lastKnownFileType = sourcecode.c.objc; path = Parse_Curso_iOSTests.m; sourceTree = "<group>"; };
		2B7E95D818BEBBF8008CCC0B /* Parse.framework */ = {isa = PBXFileReference; lastKnownFileType = wrapper.framework; path = Parse.framework; sourceTree = "<group>"; };
		2B7E95DA18BEBC09008CCC0B /* AudioToolbox.framework */ = {isa = PBXFileReference; lastKnownFileType = wrapper.framework; name = AudioToolbox.framework; path = System/Library/Frameworks/AudioToolbox.framework; sourceTree = SDKROOT; };
		2B7E95DC18BEBC0F008CCC0B /* CFNetwork.framework */ = {isa = PBXFileReference; lastKnownFileType = wrapper.framework; name = CFNetwork.framework; path = System/Library/Frameworks/CFNetwork.framework; sourceTree = SDKROOT; };
		2B7E95DE18BEBC20008CCC0B /* CoreLocation.framework */ = {isa = PBXFileReference; lastKnownFileType = wrapper.framework; name = CoreLocation.framework; path = System/Library/Frameworks/CoreLocation.framework; sourceTree = SDKROOT; };
		2B7E95E018BEBC27008CCC0B /* libz.dylib */ = {isa = PBXFileReference; lastKnownFileType = "compiled.mach-o.dylib"; name = libz.dylib; path = usr/lib/libz.dylib; sourceTree = SDKROOT; };
		2B7E95E218BEBC2F008CCC0B /* MobileCoreServices.framework */ = {isa = PBXFileReference; lastKnownFileType = wrapper.framework; name = MobileCoreServices.framework; path = System/Library/Frameworks/MobileCoreServices.framework; sourceTree = SDKROOT; };
		2B7E95E418BEBC36008CCC0B /* QuartzCore.framework */ = {isa = PBXFileReference; lastKnownFileType = wrapper.framework; name = QuartzCore.framework; path = System/Library/Frameworks/QuartzCore.framework; sourceTree = SDKROOT; };
		2B7E95E618BEBC3C008CCC0B /* Security.framework */ = {isa = PBXFileReference; lastKnownFileType = wrapper.framework; name = Security.framework; path = System/Library/Frameworks/Security.framework; sourceTree = SDKROOT; };
		2B7E95E818BEBC49008CCC0B /* StoreKit.framework */ = {isa = PBXFileReference; lastKnownFileType = wrapper.framework; name = StoreKit.framework; path = System/Library/Frameworks/StoreKit.framework; sourceTree = SDKROOT; };
		2B7E95EA18BEBC6E008CCC0B /* SystemConfiguration.framework */ = {isa = PBXFileReference; lastKnownFileType = wrapper.framework; name = SystemConfiguration.framework; path = System/Library/Frameworks/SystemConfiguration.framework; sourceTree = SDKROOT; };
		2B7E95EC18BEC31C008CCC0B /* RegisterViewController.h */ = {isa = PBXFileReference; fileEncoding = 4; lastKnownFileType = sourcecode.c.h; path = RegisterViewController.h; sourceTree = "<group>"; };
		2B7E95ED18BEC31C008CCC0B /* RegisterViewController.m */ = {isa = PBXFileReference; fileEncoding = 4; lastKnownFileType = sourcecode.c.objc; path = RegisterViewController.m; sourceTree = "<group>"; };
		2B7E95EF18BEC335008CCC0B /* WelcomeViewController.h */ = {isa = PBXFileReference; fileEncoding = 4; lastKnownFileType = sourcecode.c.h; path = WelcomeViewController.h; sourceTree = "<group>"; };
		2B7E95F018BEC335008CCC0B /* WelcomeViewController.m */ = {isa = PBXFileReference; fileEncoding = 4; lastKnownFileType = sourcecode.c.objc; path = WelcomeViewController.m; sourceTree = "<group>"; };
		2B7E95F318BECDA9008CCC0B /* CSNotificationView.h */ = {isa = PBXFileReference; fileEncoding = 4; lastKnownFileType = sourcecode.c.h; path = CSNotificationView.h; sourceTree = "<group>"; };
		2B7E95F418BECDA9008CCC0B /* CSNotificationView.m */ = {isa = PBXFileReference; fileEncoding = 4; lastKnownFileType = sourcecode.c.objc; path = CSNotificationView.m; sourceTree = "<group>"; };
		2B7E95F518BECDA9008CCC0B /* CSNotificationView.xcassets */ = {isa = PBXFileReference; lastKnownFileType = folder.assetcatalog; path = CSNotificationView.xcassets; sourceTree = "<group>"; };
		2BE9316418BEDDC6004DBD1A /* TableViewController.h */ = {isa = PBXFileReference; fileEncoding = 4; lastKnownFileType = sourcecode.c.h; path = TableViewController.h; sourceTree = "<group>"; };
		2BE9316518BEDDC6004DBD1A /* TableViewController.m */ = {isa = PBXFileReference; fileEncoding = 4; lastKnownFileType = sourcecode.c.objc; path = TableViewController.m; sourceTree = "<group>"; };
/* End PBXFileReference section */

/* Begin PBXFrameworksBuildPhase section */
		2B7E959D18BEBB66008CCC0B /* Frameworks */ = {
			isa = PBXFrameworksBuildPhase;
			buildActionMask = 2147483647;
			files = (
				2B7E95EB18BEBC6E008CCC0B /* SystemConfiguration.framework in Frameworks */,
				2B7E95E918BEBC49008CCC0B /* StoreKit.framework in Frameworks */,
				2B7E95E718BEBC3C008CCC0B /* Security.framework in Frameworks */,
				2B7E95E518BEBC36008CCC0B /* QuartzCore.framework in Frameworks */,
				2B7E95E318BEBC2F008CCC0B /* MobileCoreServices.framework in Frameworks */,
				2B7E95E118BEBC27008CCC0B /* libz.dylib in Frameworks */,
				2B7E95DF18BEBC20008CCC0B /* CoreLocation.framework in Frameworks */,
				2B7E95A618BEBB66008CCC0B /* CoreGraphics.framework in Frameworks */,
				2B7E95DD18BEBC0F008CCC0B /* CFNetwork.framework in Frameworks */,
				2B7E95DB18BEBC09008CCC0B /* AudioToolbox.framework in Frameworks */,
				2B7E95A818BEBB66008CCC0B /* UIKit.framework in Frameworks */,
				2B7E95D918BEBBF8008CCC0B /* Parse.framework in Frameworks */,
				2B7E95A418BEBB66008CCC0B /* Foundation.framework in Frameworks */,
			);
			runOnlyForDeploymentPostprocessing = 0;
		};
		2B7E95BE18BEBB67008CCC0B /* Frameworks */ = {
			isa = PBXFrameworksBuildPhase;
			buildActionMask = 2147483647;
			files = (
				2B7E95C318BEBB67008CCC0B /* XCTest.framework in Frameworks */,
				2B7E95C518BEBB67008CCC0B /* UIKit.framework in Frameworks */,
				2B7E95C418BEBB67008CCC0B /* Foundation.framework in Frameworks */,
			);
			runOnlyForDeploymentPostprocessing = 0;
		};
/* End PBXFrameworksBuildPhase section */

/* Begin PBXGroup section */
		2B7E959718BEBB66008CCC0B = {
			isa = PBXGroup;
			children = (
				2B7E95A918BEBB66008CCC0B /* Parse Curso iOS */,
				2B7E95C818BEBB67008CCC0B /* Parse Curso iOSTests */,
				2B7E95A218BEBB66008CCC0B /* Frameworks */,
				2B7E95A118BEBB66008CCC0B /* Products */,
			);
			sourceTree = "<group>";
		};
		2B7E95A118BEBB66008CCC0B /* Products */ = {
			isa = PBXGroup;
			children = (
				2B7E95A018BEBB66008CCC0B /* Parse Curso iOS.app */,
				2B7E95C118BEBB67008CCC0B /* Parse Curso iOSTests.xctest */,
			);
			name = Products;
			sourceTree = "<group>";
		};
		2B7E95A218BEBB66008CCC0B /* Frameworks */ = {
			isa = PBXGroup;
			children = (
				2B7E95EA18BEBC6E008CCC0B /* SystemConfiguration.framework */,
				2B7E95E818BEBC49008CCC0B /* StoreKit.framework */,
				2B7E95E618BEBC3C008CCC0B /* Security.framework */,
				2B7E95E418BEBC36008CCC0B /* QuartzCore.framework */,
				2B7E95E218BEBC2F008CCC0B /* MobileCoreServices.framework */,
				2B7E95E018BEBC27008CCC0B /* libz.dylib */,
				2B7E95DE18BEBC20008CCC0B /* CoreLocation.framework */,
				2B7E95DC18BEBC0F008CCC0B /* CFNetwork.framework */,
				2B7E95DA18BEBC09008CCC0B /* AudioToolbox.framework */,
				2B7E95D818BEBBF8008CCC0B /* Parse.framework */,
				2B7E95A318BEBB66008CCC0B /* Foundation.framework */,
				2B7E95A518BEBB66008CCC0B /* CoreGraphics.framework */,
				2B7E95A718BEBB66008CCC0B /* UIKit.framework */,
				2B7E95C218BEBB67008CCC0B /* XCTest.framework */,
			);
			name = Frameworks;
			sourceTree = "<group>";
		};
		2B7E95A918BEBB66008CCC0B /* Parse Curso iOS */ = {
			isa = PBXGroup;
			children = (
				2B7E95B218BEBB67008CCC0B /* AppDelegate.h */,
				2B7E95B318BEBB67008CCC0B /* AppDelegate.m */,
				2B7E95B518BEBB67008CCC0B /* Main.storyboard */,
				2BE9316418BEDDC6004DBD1A /* TableViewController.h */,
				2BE9316518BEDDC6004DBD1A /* TableViewController.m */,
				2B7E95EF18BEC335008CCC0B /* WelcomeViewController.h */,
				2B7E95F018BEC335008CCC0B /* WelcomeViewController.m */,
				2B7E95EC18BEC31C008CCC0B /* RegisterViewController.h */,
				2B7E95ED18BEC31C008CCC0B /* RegisterViewController.m */,
				2B7E95B818BEBB67008CCC0B /* ViewController.h */,
				2B7E95B918BEBB67008CCC0B /* ViewController.m */,
				2B7E95BB18BEBB67008CCC0B /* Images.xcassets */,
				2B7E95AA18BEBB67008CCC0B /* Supporting Files */,
			);
			path = "Parse Curso iOS";
			sourceTree = "<group>";
		};
		2B7E95AA18BEBB67008CCC0B /* Supporting Files */ = {
			isa = PBXGroup;
			children = (
				2B7E95F218BECDA9008CCC0B /* CSNotificationView */,
				2B7E95AB18BEBB67008CCC0B /* Parse Curso iOS-Info.plist */,
				2B7E95AC18BEBB67008CCC0B /* InfoPlist.strings */,
				2B7E95AF18BEBB67008CCC0B /* main.m */,
				2B7E95B118BEBB67008CCC0B /* Parse Curso iOS-Prefix.pch */,
			);
			name = "Supporting Files";
			sourceTree = "<group>";
		};
		2B7E95C818BEBB67008CCC0B /* Parse Curso iOSTests */ = {
			isa = PBXGroup;
			children = (
				2B7E95CE18BEBB67008CCC0B /* Parse_Curso_iOSTests.m */,
				2B7E95C918BEBB67008CCC0B /* Supporting Files */,
			);
			path = "Parse Curso iOSTests";
			sourceTree = "<group>";
		};
		2B7E95C918BEBB67008CCC0B /* Supporting Files */ = {
			isa = PBXGroup;
			children = (
				2B7E95CA18BEBB67008CCC0B /* Parse Curso iOSTests-Info.plist */,
				2B7E95CB18BEBB67008CCC0B /* InfoPlist.strings */,
			);
			name = "Supporting Files";
			sourceTree = "<group>";
		};
		2B7E95F218BECDA9008CCC0B /* CSNotificationView */ = {
			isa = PBXGroup;
			children = (
				2B7E95F318BECDA9008CCC0B /* CSNotificationView.h */,
				2B7E95F418BECDA9008CCC0B /* CSNotificationView.m */,
				2B7E95F518BECDA9008CCC0B /* CSNotificationView.xcassets */,
			);
			path = CSNotificationView;
			sourceTree = "<group>";
		};
/* End PBXGroup section */

/* Begin PBXNativeTarget section */
		2B7E959F18BEBB66008CCC0B /* Parse Curso iOS */ = {
			isa = PBXNativeTarget;
			buildConfigurationList = 2B7E95D218BEBB67008CCC0B /* Build configuration list for PBXNativeTarget "Parse Curso iOS" */;
			buildPhases = (
				2B7E959C18BEBB66008CCC0B /* Sources */,
				2B7E959D18BEBB66008CCC0B /* Frameworks */,
				2B7E959E18BEBB66008CCC0B /* Resources */,
			);
			buildRules = (
			);
			dependencies = (
			);
			name = "Parse Curso iOS";
			productName = "Parse Curso iOS";
			productReference = 2B7E95A018BEBB66008CCC0B /* Parse Curso iOS.app */;
			productType = "com.apple.product-type.application";
		};
		2B7E95C018BEBB67008CCC0B /* Parse Curso iOSTests */ = {
			isa = PBXNativeTarget;
			buildConfigurationList = 2B7E95D518BEBB67008CCC0B /* Build configuration list for PBXNativeTarget "Parse Curso iOSTests" */;
			buildPhases = (
				2B7E95BD18BEBB67008CCC0B /* Sources */,
				2B7E95BE18BEBB67008CCC0B /* Frameworks */,
				2B7E95BF18BEBB67008CCC0B /* Resources */,
			);
			buildRules = (
			);
			dependencies = (
				2B7E95C718BEBB67008CCC0B /* PBXTargetDependency */,
			);
			name = "Parse Curso iOSTests";
			productName = "Parse Curso iOSTests";
			productReference = 2B7E95C118BEBB67008CCC0B /* Parse Curso iOSTests.xctest */;
			productType = "com.apple.product-type.bundle.unit-test";
		};
/* End PBXNativeTarget section */

/* Begin PBXProject section */
		2B7E959818BEBB66008CCC0B /* Project object */ = {
			isa = PBXProject;
			attributes = {
				LastUpgradeCheck = 0500;
				ORGANIZATIONNAME = "La Creativería";
				TargetAttributes = {
					2B7E95C018BEBB67008CCC0B = {
						TestTargetID = 2B7E959F18BEBB66008CCC0B;
					};
				};
			};
			buildConfigurationList = 2B7E959B18BEBB66008CCC0B /* Build configuration list for PBXProject "Parse Curso iOS" */;
			compatibilityVersion = "Xcode 3.2";
			developmentRegion = English;
			hasScannedForEncodings = 0;
			knownRegions = (
				en,
				Base,
			);
			mainGroup = 2B7E959718BEBB66008CCC0B;
			productRefGroup = 2B7E95A118BEBB66008CCC0B /* Products */;
			projectDirPath = "";
			projectRoot = "";
			targets = (
				2B7E959F18BEBB66008CCC0B /* Parse Curso iOS */,
				2B7E95C018BEBB67008CCC0B /* Parse Curso iOSTests */,
			);
		};
/* End PBXProject section */

/* Begin PBXResourcesBuildPhase section */
		2B7E959E18BEBB66008CCC0B /* Resources */ = {
			isa = PBXResourcesBuildPhase;
			buildActionMask = 2147483647;
			files = (
				2B7E95BC18BEBB67008CCC0B /* Images.xcassets in Resources */,
				2B7E95AE18BEBB67008CCC0B /* InfoPlist.strings in Resources */,
				2B7E95B718BEBB67008CCC0B /* Main.storyboard in Resources */,
				2B7E95F718BECDA9008CCC0B /* CSNotificationView.xcassets in Resources */,
			);
			runOnlyForDeploymentPostprocessing = 0;
		};
		2B7E95BF18BEBB67008CCC0B /* Resources */ = {
			isa = PBXResourcesBuildPhase;
			buildActionMask = 2147483647;
			files = (
				2B7E95CD18BEBB67008CCC0B /* InfoPlist.strings in Resources */,
			);
			runOnlyForDeploymentPostprocessing = 0;
		};
/* End PBXResourcesBuildPhase section */

/* Begin PBXSourcesBuildPhase section */
		2B7E959C18BEBB66008CCC0B /* Sources */ = {
			isa = PBXSourcesBuildPhase;
			buildActionMask = 2147483647;
			files = (
				2B7E95F118BEC335008CCC0B /* WelcomeViewController.m in Sources */,
				2B7E95BA18BEBB67008CCC0B /* ViewController.m in Sources */,
				2B7E95B418BEBB67008CCC0B /* AppDelegate.m in Sources */,
				2B7E95F618BECDA9008CCC0B /* CSNotificationView.m in Sources */,
				2B7E95B018BEBB67008CCC0B /* main.m in Sources */,
				2BE9316618BEDDC6004DBD1A /* TableViewController.m in Sources */,
				2B7E95EE18BEC31C008CCC0B /* RegisterViewController.m in Sources */,
			);
			runOnlyForDeploymentPostprocessing = 0;
		};
		2B7E95BD18BEBB67008CCC0B /* Sources */ = {
			isa = PBXSourcesBuildPhase;
			buildActionMask = 2147483647;
			files = (
				2B7E95CF18BEBB67008CCC0B /* Parse_Curso_iOSTests.m in Sources */,
			);
			runOnlyForDeploymentPostprocessing = 0;
		};
/* End PBXSourcesBuildPhase section */

/* Begin PBXTargetDependency section */
		2B7E95C718BEBB67008CCC0B /* PBXTargetDependency */ = {
			isa = PBXTargetDependency;
			target = 2B7E959F18BEBB66008CCC0B /* Parse Curso iOS */;
			targetProxy = 2B7E95C618BEBB67008CCC0B /* PBXContainerItemProxy */;
		};
/* End PBXTargetDependency section */

/* Begin PBXVariantGroup section */
		2B7E95AC18BEBB67008CCC0B /* InfoPlist.strings */ = {
			isa = PBXVariantGroup;
			children = (
				2B7E95AD18BEBB67008CCC0B /* en */,
			);
			name = InfoPlist.strings;
			sourceTree = "<group>";
		};
		2B7E95B518BEBB67008CCC0B /* Main.storyboard */ = {
			isa = PBXVariantGroup;
			children = (
				2B7E95B618BEBB67008CCC0B /* Base */,
			);
			name = Main.storyboard;
			sourceTree = "<group>";
		};
		2B7E95CB18BEBB67008CCC0B /* InfoPlist.strings */ = {
			isa = PBXVariantGroup;
			children = (
				2B7E95CC18BEBB67008CCC0B /* en */,
			);
			name = InfoPlist.strings;
			sourceTree = "<group>";
		};
/* End PBXVariantGroup section */

/* Begin XCBuildConfiguration section */
		2B7E95D018BEBB67008CCC0B /* Debug */ = {
			isa = XCBuildConfiguration;
			buildSettings = {
				ALWAYS_SEARCH_USER_PATHS = NO;
				ARCHS = "$(ARCHS_STANDARD_INCLUDING_64_BIT)";
				CLANG_CXX_LANGUAGE_STANDARD = "gnu++0x";
				CLANG_CXX_LIBRARY = "libc++";
				CLANG_ENABLE_MODULES = YES;
				CLANG_ENABLE_OBJC_ARC = YES;
				CLANG_WARN_BOOL_CONVERSION = YES;
				CLANG_WARN_CONSTANT_CONVERSION = YES;
				CLANG_WARN_DIRECT_OBJC_ISA_USAGE = YES_ERROR;
				CLANG_WARN_EMPTY_BODY = YES;
				CLANG_WARN_ENUM_CONVERSION = YES;
				CLANG_WARN_INT_CONVERSION = YES;
				CLANG_WARN_OBJC_ROOT_CLASS = YES_ERROR;
				CLANG_WARN__DUPLICATE_METHOD_MATCH = YES;
				"CODE_SIGN_IDENTITY[sdk=iphoneos*]" = "iPhone Developer";
				COPY_PHASE_STRIP = NO;
				GCC_C_LANGUAGE_STANDARD = gnu99;
				GCC_DYNAMIC_NO_PIC = NO;
				GCC_OPTIMIZATION_LEVEL = 0;
				GCC_PREPROCESSOR_DEFINITIONS = (
					"DEBUG=1",
					"$(inherited)",
				);
				GCC_SYMBOLS_PRIVATE_EXTERN = NO;
				GCC_WARN_64_TO_32_BIT_CONVERSION = YES;
				GCC_WARN_ABOUT_RETURN_TYPE = YES_ERROR;
				GCC_WARN_UNDECLARED_SELECTOR = YES;
				GCC_WARN_UNINITIALIZED_AUTOS = YES;
				GCC_WARN_UNUSED_FUNCTION = YES;
				GCC_WARN_UNUSED_VARIABLE = YES;
				IPHONEOS_DEPLOYMENT_TARGET = 7.0;
				ONLY_ACTIVE_ARCH = YES;
				SDKROOT = iphoneos;
			};
			name = Debug;
		};
		2B7E95D118BEBB67008CCC0B /* Release */ = {
			isa = XCBuildConfiguration;
			buildSettings = {
				ALWAYS_SEARCH_USER_PATHS = NO;
				ARCHS = "$(ARCHS_STANDARD_INCLUDING_64_BIT)";
				CLANG_CXX_LANGUAGE_STANDARD = "gnu++0x";
				CLANG_CXX_LIBRARY = "libc++";
				CLANG_ENABLE_MODULES = YES;
				CLANG_ENABLE_OBJC_ARC = YES;
				CLANG_WARN_BOOL_CONVERSION = YES;
				CLANG_WARN_CONSTANT_CONVERSION = YES;
				CLANG_WARN_DIRECT_OBJC_ISA_USAGE = YES_ERROR;
				CLANG_WARN_EMPTY_BODY = YES;
				CLANG_WARN_ENUM_CONVERSION = YES;
				CLANG_WARN_INT_CONVERSION = YES;
				CLANG_WARN_OBJC_ROOT_CLASS = YES_ERROR;
				CLANG_WARN__DUPLICATE_METHOD_MATCH = YES;
				"CODE_SIGN_IDENTITY[sdk=iphoneos*]" = "iPhone Developer";
				COPY_PHASE_STRIP = YES;
				ENABLE_NS_ASSERTIONS = NO;
				GCC_C_LANGUAGE_STANDARD = gnu99;
				GCC_WARN_64_TO_32_BIT_CONVERSION = YES;
				GCC_WARN_ABOUT_RETURN_TYPE = YES_ERROR;
				GCC_WARN_UNDECLARED_SELECTOR = YES;
				GCC_WARN_UNINITIALIZED_AUTOS = YES;
				GCC_WARN_UNUSED_FUNCTION = YES;
				GCC_WARN_UNUSED_VARIABLE = YES;
				IPHONEOS_DEPLOYMENT_TARGET = 7.0;
				SDKROOT = iphoneos;
				VALIDATE_PRODUCT = YES;
			};
			name = Release;
		};
		2B7E95D318BEBB67008CCC0B /* Debug */ = {
			isa = XCBuildConfiguration;
			buildSettings = {
				ASSETCATALOG_COMPILER_APPICON_NAME = AppIcon;
				ASSETCATALOG_COMPILER_LAUNCHIMAGE_NAME = LaunchImage;
				FRAMEWORK_SEARCH_PATHS = (
					"$(inherited)",
					"/Users/supervisor/Sites/Parse\\ Curso\\ iOS",
				);
				GCC_PRECOMPILE_PREFIX_HEADER = YES;
				GCC_PREFIX_HEADER = "Parse Curso iOS/Parse Curso iOS-Prefix.pch";
				INFOPLIST_FILE = "Parse Curso iOS/Parse Curso iOS-Info.plist";
				PRODUCT_NAME = "$(TARGET_NAME)";
				WRAPPER_EXTENSION = app;
			};
			name = Debug;
		};
		2B7E95D418BEBB67008CCC0B /* Release */ = {
			isa = XCBuildConfiguration;
			buildSettings = {
				ASSETCATALOG_COMPILER_APPICON_NAME = AppIcon;
				ASSETCATALOG_COMPILER_LAUNCHIMAGE_NAME = LaunchImage;
				FRAMEWORK_SEARCH_PATHS = (
					"$(inherited)",
					"/Users/supervisor/Sites/Parse\\ Curso\\ iOS",
				);
				GCC_PRECOMPILE_PREFIX_HEADER = YES;
				GCC_PREFIX_HEADER = "Parse Curso iOS/Parse Curso iOS-Prefix.pch";
				INFOPLIST_FILE = "Parse Curso iOS/Parse Curso iOS-Info.plist";
				PRODUCT_NAME = "$(TARGET_NAME)";
				WRAPPER_EXTENSION = app;
			};
			name = Release;
		};
		2B7E95D618BEBB67008CCC0B /* Debug */ = {
			isa = XCBuildConfiguration;
			buildSettings = {
				ARCHS = "$(ARCHS_STANDARD_INCLUDING_64_BIT)";
				BUNDLE_LOADER = "$(BUILT_PRODUCTS_DIR)/Parse Curso iOS.app/Parse Curso iOS";
				FRAMEWORK_SEARCH_PATHS = (
					"$(SDKROOT)/Developer/Library/Frameworks",
					"$(inherited)",
					"$(DEVELOPER_FRAMEWORKS_DIR)",
				);
				GCC_PRECOMPILE_PREFIX_HEADER = YES;
				GCC_PREFIX_HEADER = "Parse Curso iOS/Parse Curso iOS-Prefix.pch";
				GCC_PREPROCESSOR_DEFINITIONS = (
					"DEBUG=1",
					"$(inherited)",
				);
				INFOPLIST_FILE = "Parse Curso iOSTests/Parse Curso iOSTests-Info.plist";
				PRODUCT_NAME = "$(TARGET_NAME)";
				TEST_HOST = "$(BUNDLE_LOADER)";
				WRAPPER_EXTENSION = xctest;
			};
			name = Debug;
		};
		2B7E95D718BEBB67008CCC0B /* Release */ = {
			isa = XCBuildConfiguration;
			buildSettings = {
				ARCHS = "$(ARCHS_STANDARD_INCLUDING_64_BIT)";
				BUNDLE_LOADER = "$(BUILT_PRODUCTS_DIR)/Parse Curso iOS.app/Parse Curso iOS";
				FRAMEWORK_SEARCH_PATHS = (
					"$(SDKROOT)/Developer/Library/Frameworks",
					"$(inherited)",
					"$(DEVELOPER_FRAMEWORKS_DIR)",
				);
				GCC_PRECOMPILE_PREFIX_HEADER = YES;
				GCC_PREFIX_HEADER = "Parse Curso iOS/Parse Curso iOS-Prefix.pch";
				INFOPLIST_FILE = "Parse Curso iOSTests/Parse Curso iOSTests-Info.plist";
				PRODUCT_NAME = "$(TARGET_NAME)";
				TEST_HOST = "$(BUNDLE_LOADER)";
				WRAPPER_EXTENSION = xctest;
			};
			name = Release;
		};
/* End XCBuildConfiguration section */

/* Begin XCConfigurationList section */
		2B7E959B18BEBB66008CCC0B /* Build configuration list for PBXProject "Parse Curso iOS" */ = {
			isa = XCConfigurationList;
			buildConfigurations = (
				2B7E95D018BEBB67008CCC0B /* Debug */,
				2B7E95D118BEBB67008CCC0B /* Release */,
			);
			defaultConfigurationIsVisible = 0;
			defaultConfigurationName = Release;
		};
		2B7E95D218BEBB67008CCC0B /* Build configuration list for PBXNativeTarget "Parse Curso iOS" */ = {
			isa = XCConfigurationList;
			buildConfigurations = (
				2B7E95D318BEBB67008CCC0B /* Debug */,
				2B7E95D418BEBB67008CCC0B /* Release */,
			);
			defaultConfigurationIsVisible = 0;
			defaultConfigurationName = Release;
		};
		2B7E95D518BEBB67008CCC0B /* Build configuration list for PBXNativeTarget "Parse Curso iOSTests" */ = {
			isa = XCConfigurationList;
			buildConfigurations = (
				2B7E95D618BEBB67008CCC0B /* Debug */,
				2B7E95D718BEBB67008CCC0B /* Release */,
			);
			defaultConfigurationIsVisible = 0;
			defaultConfigurationName = Release;
		};
/* End XCConfigurationList section */
	};
	rootObject = 2B7E959818BEBB66008CCC0B /* Project object */;
}
